{
  "originHash" : "b1ca311f280db0b660d30e634a6d99a49198f864a658908490304af63a7b566e",
  "pins" : [
    {
      "identity" : "floatingbutton",
      "kind" : "remoteSourceControl",
      "location" : "https://github.com/exyte/FloatingButton",
      "state" : {
        "revision" : "cf77c2f124df1423d90a9a1985e9b9ccfa4b9b3e",
        "version" : "1.3.0"
      }
    }
  ],
  "version" : 3
}
